
Microsoft Visual Studio Solution File, Format Version 12.00
# Visual Studio Version 16
VisualStudioVersion = 16.0.29613.14
MinimumVisualStudioVersion = 10.0.40219.1
Project("{9A19103F-16F7-4668-BE54-9A1E7A4F7556}") = "GetAuthzInfo", "GetAuthzInfo.csproj", "{AEB54366-2333-4EF8-9470-459864E8C3F6}"
EndProject
Global
	GlobalSection(SolutionConfigurationPlatforms) = preSolution
		Debug|Any CPU = Debug|Any CPU
		Release|Any CPU = Release|Any CPU
	EndGlobalSection
	GlobalSection(ProjectConfigurationPlatforms) = postSolution
		{AEB54366-2333-4EF8-9470-459864E8C3F6}.Debug|Any CPU.ActiveCfg = Debug|Any CPU
		{AEB54366-2333-4EF8-9470-459864E8C3F6}.Debug|Any CPU.Build.0 = Debug|Any CPU
		{AEB54366-2333-4EF8-9470-459864E8C3F6}.Release|Any CPU.ActiveCfg = Release|Any CPU
		{AEB54366-2333-4EF8-9470-459864E8C3F6}.Release|Any CPU.Build.0 = Release|Any CPU
	EndGlobalSection
	GlobalSection(SolutionProperties) = preSolution
		HideSolutionNode = FALSE
	EndGlobalSection
	GlobalSection(ExtensibilityGlobals) = postSolution
		SolutionGuid = {851C0C8E-F171-4487-8C74-20F3F0B967E7}
	EndGlobalSection
EndGlobal
